
Microsoft Visual Studio Solution File, Format Version 12.00
# Visual Studio Version 16
VisualStudioVersion = 16.0.30413.136
MinimumVisualStudioVersion = 10.0.40219.1
Project("{FAE04EC0-301F-11D3-BF4B-00C04F79EFBC}") = "GCPVDMS", "GCPVDMS\GCPVDMS.csproj", "{20AC0201-D5E9-4258-AECE-A0373774AAC6}"
EndProject
Global
	GlobalSection(SolutionConfigurationPlatforms) = preSolution
		Debug|Any CPU = Debug|Any CPU
		Release|Any CPU = Release|Any CPU
	EndGlobalSection
	GlobalSection(ProjectConfigurationPlatforms) = postSolution
		{20AC0201-D5E9-4258-AECE-A0373774AAC6}.Debug|Any CPU.ActiveCfg = Debug|Any CPU
		{20AC0201-D5E9-4258-AECE-A0373774AAC6}.Debug|Any CPU.Build.0 = Debug|Any CPU
		{20AC0201-D5E9-4258-AECE-A0373774AAC6}.Release|Any CPU.ActiveCfg = Release|Any CPU
		{20AC0201-D5E9-4258-AECE-A0373774AAC6}.Release|Any CPU.Build.0 = Release|Any CPU
	EndGlobalSection
	GlobalSection(SolutionProperties) = preSolution
		HideSolutionNode = FALSE
	EndGlobalSection
	GlobalSection(ExtensibilityGlobals) = postSolution
		SolutionGuid = {FD67E287-2421-41D8-8D61-5F303710EB1B}
	EndGlobalSection
EndGlobal
